
Microsoft Visual Studio Solution File, Format Version 12.00
# Visual Studio 15
VisualStudioVersion = 15.0.28010.2050
MinimumVisualStudioVersion = 10.0.40219.1
Project("{FAE04EC0-301F-11D3-BF4B-00C04F79EFBC}") = "Biblioteca.BlueSoft", "Biblioteca.BlueSoft\Biblioteca.BlueSoft.csproj", "{4083A26F-AA1F-49F4-92CE-A657B77CEBE9}"
EndProject
Global
	GlobalSection(SolutionConfigurationPlatforms) = preSolution
		Debug|Any CPU = Debug|Any CPU
		Release|Any CPU = Release|Any CPU
	EndGlobalSection
	GlobalSection(ProjectConfigurationPlatforms) = postSolution
		{4083A26F-AA1F-49F4-92CE-A657B77CEBE9}.Debug|Any CPU.ActiveCfg = Debug|Any CPU
		{4083A26F-AA1F-49F4-92CE-A657B77CEBE9}.Debug|Any CPU.Build.0 = Debug|Any CPU
		{4083A26F-AA1F-49F4-92CE-A657B77CEBE9}.Release|Any CPU.ActiveCfg = Release|Any CPU
		{4083A26F-AA1F-49F4-92CE-A657B77CEBE9}.Release|Any CPU.Build.0 = Release|Any CPU
	EndGlobalSection
	GlobalSection(SolutionProperties) = preSolution
		HideSolutionNode = FALSE
	EndGlobalSection
	GlobalSection(ExtensibilityGlobals) = postSolution
		SolutionGuid = {68E55936-1FDE-44C9-B877-4134CC98DA98}
	EndGlobalSection
EndGlobal
